
Microsoft Visual Studio Solution File, Format Version 12.00
# Visual Studio Version 17
VisualStudioVersion = 17.9.34607.119
MinimumVisualStudioVersion = 10.0.40219.1
Project("{9A19103F-16F7-4668-BE54-9A1E7A4F7556}") = "WEB_253505_Bekarev", "WEB_253505_Bekarev\WEB_253505_Bekarev.csproj", "{D9AADF72-0EBF-4822-A400-D596A01DF750}"
	ProjectSection(ProjectDependencies) = postProject
		{CBBC6480-84E8-46AB-B84D-116AA9EC20D8} = {CBBC6480-84E8-46AB-B84D-116AA9EC20D8}
	EndProjectSection
EndProject
Project("{9A19103F-16F7-4668-BE54-9A1E7A4F7556}") = "WEB_253505_Bekarev.Domain", "WEB_253505_Bekarev.Domain\WEB_253505_Bekarev.Domain.csproj", "{CBBC6480-84E8-46AB-B84D-116AA9EC20D8}"
EndProject
Project("{9A19103F-16F7-4668-BE54-9A1E7A4F7556}") = "WEB_253505_Bekarev.API", "WEB_253505_Bekarev.API\WEB_253505_Bekarev.API.csproj", "{E83E3E03-5581-4952-884C-AFB8C4BF1EAF}"
EndProject
Project("{9A19103F-16F7-4668-BE54-9A1E7A4F7556}") = "WEB_Bekarev_253505.Tests", "WEB_Bekarev_253505.Tests\WEB_Bekarev_253505.Tests.csproj", "{F02C198A-3360-421F-8CC8-E013E60D1A97}"
EndProject
Project("{FAE04EC0-301F-11D3-BF4B-00C04F79EFBC}") = "WEB_253505_Bekarev.Blazor.SSR", "WEB_253505_Bekarev.Blazor.SSR\WEB_253505_Bekarev.Blazor.SSR.csproj", "{EA8E8120-DFE4-47FA-9D05-97EBFBB448CC}"
EndProject
Global
	GlobalSection(SolutionConfigurationPlatforms) = preSolution
		Debug|Any CPU = Debug|Any CPU
		Release|Any CPU = Release|Any CPU
	EndGlobalSection
	GlobalSection(ProjectConfigurationPlatforms) = postSolution
		{D9AADF72-0EBF-4822-A400-D596A01DF750}.Debug|Any CPU.ActiveCfg = Debug|Any CPU
		{D9AADF72-0EBF-4822-A400-D596A01DF750}.Debug|Any CPU.Build.0 = Debug|Any CPU
		{D9AADF72-0EBF-4822-A400-D596A01DF750}.Release|Any CPU.ActiveCfg = Release|Any CPU
		{D9AADF72-0EBF-4822-A400-D596A01DF750}.Release|Any CPU.Build.0 = Release|Any CPU
		{CBBC6480-84E8-46AB-B84D-116AA9EC20D8}.Debug|Any CPU.ActiveCfg = Debug|Any CPU
		{CBBC6480-84E8-46AB-B84D-116AA9EC20D8}.Debug|Any CPU.Build.0 = Debug|Any CPU
		{CBBC6480-84E8-46AB-B84D-116AA9EC20D8}.Release|Any CPU.ActiveCfg = Release|Any CPU
		{CBBC6480-84E8-46AB-B84D-116AA9EC20D8}.Release|Any CPU.Build.0 = Release|Any CPU
		{E83E3E03-5581-4952-884C-AFB8C4BF1EAF}.Debug|Any CPU.ActiveCfg = Debug|Any CPU
		{E83E3E03-5581-4952-884C-AFB8C4BF1EAF}.Debug|Any CPU.Build.0 = Debug|Any CPU
		{E83E3E03-5581-4952-884C-AFB8C4BF1EAF}.Release|Any CPU.ActiveCfg = Release|Any CPU
		{E83E3E03-5581-4952-884C-AFB8C4BF1EAF}.Release|Any CPU.Build.0 = Release|Any CPU
		{F02C198A-3360-421F-8CC8-E013E60D1A97}.Debug|Any CPU.ActiveCfg = Debug|Any CPU
		{F02C198A-3360-421F-8CC8-E013E60D1A97}.Debug|Any CPU.Build.0 = Debug|Any CPU
		{F02C198A-3360-421F-8CC8-E013E60D1A97}.Release|Any CPU.ActiveCfg = Release|Any CPU
		{F02C198A-3360-421F-8CC8-E013E60D1A97}.Release|Any CPU.Build.0 = Release|Any CPU
		{EA8E8120-DFE4-47FA-9D05-97EBFBB448CC}.Debug|Any CPU.ActiveCfg = Debug|Any CPU
		{EA8E8120-DFE4-47FA-9D05-97EBFBB448CC}.Debug|Any CPU.Build.0 = Debug|Any CPU
		{EA8E8120-DFE4-47FA-9D05-97EBFBB448CC}.Release|Any CPU.ActiveCfg = Release|Any CPU
		{EA8E8120-DFE4-47FA-9D05-97EBFBB448CC}.Release|Any CPU.Build.0 = Release|Any CPU
	EndGlobalSection
	GlobalSection(SolutionProperties) = preSolution
		HideSolutionNode = FALSE
	EndGlobalSection
	GlobalSection(ExtensibilityGlobals) = postSolution
		SolutionGuid = {01118861-417F-4D4C-82CE-DD1A45671FB9}
	EndGlobalSection
EndGlobal
